
Microsoft Visual Studio Solution File, Format Version 12.00
# Visual Studio 15
VisualStudioVersion = 15.0.27703.2000
MinimumVisualStudioVersion = 10.0.40219.1
Project("{FAE04EC0-301F-11D3-BF4B-00C04F79EFBC}") = "Destiny2PgcrTimeline", "Destiny2PgcrTimeline\Destiny2PgcrTimeline.csproj", "{6A98B256-4551-4B03-A171-8A90AADB59E9}"
	ProjectSection(ProjectDependencies) = postProject
		{ED278DD3-BA37-4BA2-B12B-F77E0AAA2935} = {ED278DD3-BA37-4BA2-B12B-F77E0AAA2935}
	EndProjectSection
EndProject
Project("{FAE04EC0-301F-11D3-BF4B-00C04F79EFBC}") = "Destiny2PgcrTimeline.BackgroundTask", "Destiny2PgcrTimelineBackgroundTasks\Destiny2PgcrTimeline.BackgroundTask.csproj", "{ED278DD3-BA37-4BA2-B12B-F77E0AAA2935}"
EndProject
Project("{FAE04EC0-301F-11D3-BF4B-00C04F79EFBC}") = "Destiny2PgcrTimeline.Shared", "Destiny2PgcrTimeline.Shared\Destiny2PgcrTimeline.Shared.csproj", "{CE4F6ACA-78B4-4E75-B88C-83E9C71B0E6E}"
EndProject
Global
	GlobalSection(SolutionConfigurationPlatforms) = preSolution
		Debug|Any CPU = Debug|Any CPU
		Debug|ARM = Debug|ARM
		Debug|x64 = Debug|x64
		Debug|x86 = Debug|x86
		Release|Any CPU = Release|Any CPU
		Release|ARM = Release|ARM
		Release|x64 = Release|x64
		Release|x86 = Release|x86
	EndGlobalSection
	GlobalSection(ProjectConfigurationPlatforms) = postSolution
		{6A98B256-4551-4B03-A171-8A90AADB59E9}.Debug|Any CPU.ActiveCfg = Debug|x86
		{6A98B256-4551-4B03-A171-8A90AADB59E9}.Debug|ARM.ActiveCfg = Debug|ARM
		{6A98B256-4551-4B03-A171-8A90AADB59E9}.Debug|ARM.Build.0 = Debug|ARM
		{6A98B256-4551-4B03-A171-8A90AADB59E9}.Debug|ARM.Deploy.0 = Debug|ARM
		{6A98B256-4551-4B03-A171-8A90AADB59E9}.Debug|x64.ActiveCfg = Debug|x64
		{6A98B256-4551-4B03-A171-8A90AADB59E9}.Debug|x64.Build.0 = Debug|x64
		{6A98B256-4551-4B03-A171-8A90AADB59E9}.Debug|x64.Deploy.0 = Debug|x64
		{6A98B256-4551-4B03-A171-8A90AADB59E9}.Debug|x86.ActiveCfg = Debug|x86
		{6A98B256-4551-4B03-A171-8A90AADB59E9}.Debug|x86.Build.0 = Debug|x86
		{6A98B256-4551-4B03-A171-8A90AADB59E9}.Debug|x86.Deploy.0 = Debug|x86
		{6A98B256-4551-4B03-A171-8A90AADB59E9}.Release|Any CPU.ActiveCfg = Release|x86
		{6A98B256-4551-4B03-A171-8A90AADB59E9}.Release|ARM.ActiveCfg = Release|ARM
		{6A98B256-4551-4B03-A171-8A90AADB59E9}.Release|ARM.Build.0 = Release|ARM
		{6A98B256-4551-4B03-A171-8A90AADB59E9}.Release|ARM.Deploy.0 = Release|ARM
		{6A98B256-4551-4B03-A171-8A90AADB59E9}.Release|x64.ActiveCfg = Release|x64
		{6A98B256-4551-4B03-A171-8A90AADB59E9}.Release|x64.Build.0 = Release|x64
		{6A98B256-4551-4B03-A171-8A90AADB59E9}.Release|x64.Deploy.0 = Release|x64
		{6A98B256-4551-4B03-A171-8A90AADB59E9}.Release|x86.ActiveCfg = Release|x86
		{6A98B256-4551-4B03-A171-8A90AADB59E9}.Release|x86.Build.0 = Release|x86
		{6A98B256-4551-4B03-A171-8A90AADB59E9}.Release|x86.Deploy.0 = Release|x86
		{ED278DD3-BA37-4BA2-B12B-F77E0AAA2935}.Debug|Any CPU.ActiveCfg = Debug|Any CPU
		{ED278DD3-BA37-4BA2-B12B-F77E0AAA2935}.Debug|Any CPU.Build.0 = Debug|Any CPU
		{ED278DD3-BA37-4BA2-B12B-F77E0AAA2935}.Debug|ARM.ActiveCfg = Debug|ARM
		{ED278DD3-BA37-4BA2-B12B-F77E0AAA2935}.Debug|ARM.Build.0 = Debug|ARM
		{ED278DD3-BA37-4BA2-B12B-F77E0AAA2935}.Debug|x64.ActiveCfg = Debug|x64
		{ED278DD3-BA37-4BA2-B12B-F77E0AAA2935}.Debug|x64.Build.0 = Debug|x64
		{ED278DD3-BA37-4BA2-B12B-F77E0AAA2935}.Debug|x86.ActiveCfg = Debug|x86
		{ED278DD3-BA37-4BA2-B12B-F77E0AAA2935}.Debug|x86.Build.0 = Debug|x86
		{ED278DD3-BA37-4BA2-B12B-F77E0AAA2935}.Release|Any CPU.ActiveCfg = Release|Any CPU
		{ED278DD3-BA37-4BA2-B12B-F77E0AAA2935}.Release|Any CPU.Build.0 = Release|Any CPU
		{ED278DD3-BA37-4BA2-B12B-F77E0AAA2935}.Release|ARM.ActiveCfg = Release|ARM
		{ED278DD3-BA37-4BA2-B12B-F77E0AAA2935}.Release|ARM.Build.0 = Release|ARM
		{ED278DD3-BA37-4BA2-B12B-F77E0AAA2935}.Release|x64.ActiveCfg = Release|x64
		{ED278DD3-BA37-4BA2-B12B-F77E0AAA2935}.Release|x64.Build.0 = Release|x64
		{ED278DD3-BA37-4BA2-B12B-F77E0AAA2935}.Release|x86.ActiveCfg = Release|x86
		{ED278DD3-BA37-4BA2-B12B-F77E0AAA2935}.Release|x86.Build.0 = Release|x86
		{CE4F6ACA-78B4-4E75-B88C-83E9C71B0E6E}.Debug|Any CPU.ActiveCfg = Debug|Any CPU
		{CE4F6ACA-78B4-4E75-B88C-83E9C71B0E6E}.Debug|Any CPU.Build.0 = Debug|Any CPU
		{CE4F6ACA-78B4-4E75-B88C-83E9C71B0E6E}.Debug|ARM.ActiveCfg = Debug|ARM
		{CE4F6ACA-78B4-4E75-B88C-83E9C71B0E6E}.Debug|ARM.Build.0 = Debug|ARM
		{CE4F6ACA-78B4-4E75-B88C-83E9C71B0E6E}.Debug|x64.ActiveCfg = Debug|x64
		{CE4F6ACA-78B4-4E75-B88C-83E9C71B0E6E}.Debug|x64.Build.0 = Debug|x64
		{CE4F6ACA-78B4-4E75-B88C-83E9C71B0E6E}.Debug|x86.ActiveCfg = Debug|x86
		{CE4F6ACA-78B4-4E75-B88C-83E9C71B0E6E}.Debug|x86.Build.0 = Debug|x86
		{CE4F6ACA-78B4-4E75-B88C-83E9C71B0E6E}.Release|Any CPU.ActiveCfg = Release|Any CPU
		{CE4F6ACA-78B4-4E75-B88C-83E9C71B0E6E}.Release|Any CPU.Build.0 = Release|Any CPU
		{CE4F6ACA-78B4-4E75-B88C-83E9C71B0E6E}.Release|ARM.ActiveCfg = Release|ARM
		{CE4F6ACA-78B4-4E75-B88C-83E9C71B0E6E}.Release|ARM.Build.0 = Release|ARM
		{CE4F6ACA-78B4-4E75-B88C-83E9C71B0E6E}.Release|x64.ActiveCfg = Release|x64
		{CE4F6ACA-78B4-4E75-B88C-83E9C71B0E6E}.Release|x64.Build.0 = Release|x64
		{CE4F6ACA-78B4-4E75-B88C-83E9C71B0E6E}.Release|x86.ActiveCfg = Release|x86
		{CE4F6ACA-78B4-4E75-B88C-83E9C71B0E6E}.Release|x86.Build.0 = Release|x86
	EndGlobalSection
	GlobalSection(SolutionProperties) = preSolution
		HideSolutionNode = FALSE
	EndGlobalSection
	GlobalSection(ExtensibilityGlobals) = postSolution
		SolutionGuid = {8213FDE3-054A-44CC-8C98-A02EDD244513}
	EndGlobalSection
EndGlobal
